// !$*UTF8*$!
{
	archiveVersion = 1;
	classes = {
	};
	objectVersion = 56;
	objects = {

/* Begin PBXBuildFile section */
		4734ED73990408194B6091AA /* Pods_SportTracker.framework in Frameworks */ = {isa = PBXBuildFile; fileRef = E5B224426FAF04BA267DA44B /* Pods_SportTracker.framework */; };
		E30148C32BE8CC09003025EC /* TrainingManager.swift in Sources */ = {isa = PBXBuildFile; fileRef = E30148C22BE8CC09003025EC /* TrainingManager.swift */; };
		E369C38E2B41BE7D00A26447 /* NameViewController.swift in Sources */ = {isa = PBXBuildFile; fileRef = E369C38D2B41BE7D00A26447 /* NameViewController.swift */; };
		E369C3A92B48375600A26447 /* SplashScreenViewController.swift in Sources */ = {isa = PBXBuildFile; fileRef = E369C3A82B48375600A26447 /* SplashScreenViewController.swift */; };
		E369C3AD2B5D222800A26447 /* GoogleService-Info.plist in Resources */ = {isa = PBXBuildFile; fileRef = E369C3AC2B5D222800A26447 /* GoogleService-Info.plist */; };
		E369C3B12B5D6AD100A26447 /* FirebaseAuth in Frameworks */ = {isa = PBXBuildFile; productRef = E369C3B02B5D6AD100A26447 /* FirebaseAuth */; };
		E369C3B32B5D6AD100A26447 /* FirebaseDatabase in Frameworks */ = {isa = PBXBuildFile; productRef = E369C3B22B5D6AD100A26447 /* FirebaseDatabase */; };
		E369C3B52B5D6AD100A26447 /* FirebaseFirestore in Frameworks */ = {isa = PBXBuildFile; productRef = E369C3B42B5D6AD100A26447 /* FirebaseFirestore */; };
		E369C3B72B5D6AD100A26447 /* FirebaseStorage in Frameworks */ = {isa = PBXBuildFile; productRef = E369C3B62B5D6AD100A26447 /* FirebaseStorage */; };
		E369C3B92B5D749D00A26447 /* GenderViewController.swift in Sources */ = {isa = PBXBuildFile; fileRef = E369C3B82B5D749D00A26447 /* GenderViewController.swift */; };
		E369C3BC2B5E85F600A26447 /* FirebaseManager.swift in Sources */ = {isa = PBXBuildFile; fileRef = E369C3BB2B5E85F600A26447 /* FirebaseManager.swift */; };
		E369C3BF2B6A50E100A26447 /* AuthViewController.swift in Sources */ = {isa = PBXBuildFile; fileRef = E369C3BE2B6A50E100A26447 /* AuthViewController.swift */; };
		E369C3C12B6D0AE200A26447 /* SportExpViewController.swift in Sources */ = {isa = PBXBuildFile; fileRef = E369C3C02B6D0AE200A26447 /* SportExpViewController.swift */; };
		E369C3C32B6D0FEB00A26447 /* SportExpNextViewController.swift in Sources */ = {isa = PBXBuildFile; fileRef = E369C3C22B6D0FEB00A26447 /* SportExpNextViewController.swift */; };
		E369C3C52B6D102300A26447 /* PreferenceViewController.swift in Sources */ = {isa = PBXBuildFile; fileRef = E369C3C42B6D102300A26447 /* PreferenceViewController.swift */; };
		E3F192472BA1ADD70023ED4E /* TimeViewController.swift in Sources */ = {isa = PBXBuildFile; fileRef = E3F192462BA1ADD70023ED4E /* TimeViewController.swift */; };
		E3F192492BA5C5130023ED4E /* APIManager.swift in Sources */ = {isa = PBXBuildFile; fileRef = E3F192482BA5C5130023ED4E /* APIManager.swift */; };
		E3F1924B2BA5C5B50023ED4E /* Documents.swift in Sources */ = {isa = PBXBuildFile; fileRef = E3F1924A2BA5C5B50023ED4E /* Documents.swift */; };
		E3F192502BAACD470023ED4E /* MainMenuViewController.swift in Sources */ = {isa = PBXBuildFile; fileRef = E3F1924F2BAACD470023ED4E /* MainMenuViewController.swift */; };
		E3F192522BAACD570023ED4E /* MainMenuInteractor.swift in Sources */ = {isa = PBXBuildFile; fileRef = E3F192512BAACD570023ED4E /* MainMenuInteractor.swift */; };
		E3F192542BAACD660023ED4E /* MainMenuPresenter.swift in Sources */ = {isa = PBXBuildFile; fileRef = E3F192532BAACD660023ED4E /* MainMenuPresenter.swift */; };
		E3F192562BAACD8B0023ED4E /* MainMenuRouter.swift in Sources */ = {isa = PBXBuildFile; fileRef = E3F192552BAACD8B0023ED4E /* MainMenuRouter.swift */; };
		E3F192582BAACDA00023ED4E /* MainMenuFactory.swift in Sources */ = {isa = PBXBuildFile; fileRef = E3F192572BAACDA00023ED4E /* MainMenuFactory.swift */; };
		E3FD2EB02AFB86BA005060A2 /* AppDelegate.swift in Sources */ = {isa = PBXBuildFile; fileRef = E3FD2EAF2AFB86BA005060A2 /* AppDelegate.swift */; };
		E3FD2EB22AFB86BA005060A2 /* SceneDelegate.swift in Sources */ = {isa = PBXBuildFile; fileRef = E3FD2EB12AFB86BA005060A2 /* SceneDelegate.swift */; };
		E3FD2EB92AFB86BB005060A2 /* Assets.xcassets in Resources */ = {isa = PBXBuildFile; fileRef = E3FD2EB82AFB86BB005060A2 /* Assets.xcassets */; };
		E3FD2EBC2AFB86BB005060A2 /* LaunchScreen.storyboard in Resources */ = {isa = PBXBuildFile; fileRef = E3FD2EBA2AFB86BB005060A2 /* LaunchScreen.storyboard */; };
		E3FD2EC72AFB86BB005060A2 /* SportTrackerTests.swift in Sources */ = {isa = PBXBuildFile; fileRef = E3FD2EC62AFB86BB005060A2 /* SportTrackerTests.swift */; };
		E3FD2ED12AFB86BB005060A2 /* SportTrackerUITests.swift in Sources */ = {isa = PBXBuildFile; fileRef = E3FD2ED02AFB86BB005060A2 /* SportTrackerUITests.swift */; };
		E3FD2ED32AFB86BB005060A2 /* SportTrackerUITestsLaunchTests.swift in Sources */ = {isa = PBXBuildFile; fileRef = E3FD2ED22AFB86BB005060A2 /* SportTrackerUITestsLaunchTests.swift */; };
/* End PBXBuildFile section */

/* Begin PBXContainerItemProxy section */
		E3FD2EC32AFB86BB005060A2 /* PBXContainerItemProxy */ = {
			isa = PBXContainerItemProxy;
			containerPortal = E3FD2EA42AFB86BA005060A2 /* Project object */;
			proxyType = 1;
			remoteGlobalIDString = E3FD2EAB2AFB86BA005060A2;
			remoteInfo = SportTracker;
		};
		E3FD2ECD2AFB86BB005060A2 /* PBXContainerItemProxy */ = {
			isa = PBXContainerItemProxy;
			containerPortal = E3FD2EA42AFB86BA005060A2 /* Project object */;
			proxyType = 1;
			remoteGlobalIDString = E3FD2EAB2AFB86BA005060A2;
			remoteInfo = SportTracker;
		};
/* End PBXContainerItemProxy section */

/* Begin PBXFileReference section */
		164F527D5431D13D5D67388D /* Pods-SportTracker.debug.xcconfig */ = {isa = PBXFileReference; includeInIndex = 1; lastKnownFileType = text.xcconfig; name = "Pods-SportTracker.debug.xcconfig"; path = "Target Support Files/Pods-SportTracker/Pods-SportTracker.debug.xcconfig"; sourceTree = "<group>"; };
		B83481E3D121CBD265581CBA /* Pods-SportTracker.release.xcconfig */ = {isa = PBXFileReference; includeInIndex = 1; lastKnownFileType = text.xcconfig; name = "Pods-SportTracker.release.xcconfig"; path = "Target Support Files/Pods-SportTracker/Pods-SportTracker.release.xcconfig"; sourceTree = "<group>"; };
		E30148C22BE8CC09003025EC /* TrainingManager.swift */ = {isa = PBXFileReference; lastKnownFileType = sourcecode.swift; path = TrainingManager.swift; sourceTree = "<group>"; };
		E369C38D2B41BE7D00A26447 /* NameViewController.swift */ = {isa = PBXFileReference; lastKnownFileType = sourcecode.swift; path = NameViewController.swift; sourceTree = "<group>"; };
		E369C3A82B48375600A26447 /* SplashScreenViewController.swift */ = {isa = PBXFileReference; lastKnownFileType = sourcecode.swift; path = SplashScreenViewController.swift; sourceTree = "<group>"; };
		E369C3AC2B5D222800A26447 /* GoogleService-Info.plist */ = {isa = PBXFileReference; fileEncoding = 4; lastKnownFileType = text.plist.xml; name = "GoogleService-Info.plist"; path = "../../../../Downloads/GoogleService-Info.plist"; sourceTree = "<group>"; };
		E369C3B82B5D749D00A26447 /* GenderViewController.swift */ = {isa = PBXFileReference; lastKnownFileType = sourcecode.swift; path = GenderViewController.swift; sourceTree = "<group>"; };
		E369C3BB2B5E85F600A26447 /* FirebaseManager.swift */ = {isa = PBXFileReference; lastKnownFileType = sourcecode.swift; path = FirebaseManager.swift; sourceTree = "<group>"; };
		E369C3BE2B6A50E100A26447 /* AuthViewController.swift */ = {isa = PBXFileReference; lastKnownFileType = sourcecode.swift; path = AuthViewController.swift; sourceTree = "<group>"; };
		E369C3C02B6D0AE200A26447 /* SportExpViewController.swift */ = {isa = PBXFileReference; lastKnownFileType = sourcecode.swift; path = SportExpViewController.swift; sourceTree = "<group>"; };
		E369C3C22B6D0FEB00A26447 /* SportExpNextViewController.swift */ = {isa = PBXFileReference; lastKnownFileType = sourcecode.swift; path = SportExpNextViewController.swift; sourceTree = "<group>"; };
		E369C3C42B6D102300A26447 /* PreferenceViewController.swift */ = {isa = PBXFileReference; lastKnownFileType = sourcecode.swift; path = PreferenceViewController.swift; sourceTree = "<group>"; };
		E3F192462BA1ADD70023ED4E /* TimeViewController.swift */ = {isa = PBXFileReference; lastKnownFileType = sourcecode.swift; path = TimeViewController.swift; sourceTree = "<group>"; };
		E3F192482BA5C5130023ED4E /* APIManager.swift */ = {isa = PBXFileReference; lastKnownFileType = sourcecode.swift; path = APIManager.swift; sourceTree = "<group>"; };
		E3F1924A2BA5C5B50023ED4E /* Documents.swift */ = {isa = PBXFileReference; lastKnownFileType = sourcecode.swift; path = Documents.swift; sourceTree = "<group>"; };
		E3F1924F2BAACD470023ED4E /* MainMenuViewController.swift */ = {isa = PBXFileReference; lastKnownFileType = sourcecode.swift; path = MainMenuViewController.swift; sourceTree = "<group>"; };
		E3F192512BAACD570023ED4E /* MainMenuInteractor.swift */ = {isa = PBXFileReference; lastKnownFileType = sourcecode.swift; path = MainMenuInteractor.swift; sourceTree = "<group>"; };
		E3F192532BAACD660023ED4E /* MainMenuPresenter.swift */ = {isa = PBXFileReference; lastKnownFileType = sourcecode.swift; path = MainMenuPresenter.swift; sourceTree = "<group>"; };
		E3F192552BAACD8B0023ED4E /* MainMenuRouter.swift */ = {isa = PBXFileReference; lastKnownFileType = sourcecode.swift; path = MainMenuRouter.swift; sourceTree = "<group>"; };
		E3F192572BAACDA00023ED4E /* MainMenuFactory.swift */ = {isa = PBXFileReference; lastKnownFileType = sourcecode.swift; path = MainMenuFactory.swift; sourceTree = "<group>"; };
		E3FD2EAC2AFB86BA005060A2 /* SportTracker.app */ = {isa = PBXFileReference; explicitFileType = wrapper.application; includeInIndex = 0; path = SportTracker.app; sourceTree = BUILT_PRODUCTS_DIR; };
		E3FD2EAF2AFB86BA005060A2 /* AppDelegate.swift */ = {isa = PBXFileReference; lastKnownFileType = sourcecode.swift; path = AppDelegate.swift; sourceTree = "<group>"; };
		E3FD2EB12AFB86BA005060A2 /* SceneDelegate.swift */ = {isa = PBXFileReference; lastKnownFileType = sourcecode.swift; path = SceneDelegate.swift; sourceTree = "<group>"; };
		E3FD2EB82AFB86BB005060A2 /* Assets.xcassets */ = {isa = PBXFileReference; lastKnownFileType = folder.assetcatalog; path = Assets.xcassets; sourceTree = "<group>"; };
		E3FD2EBB2AFB86BB005060A2 /* Base */ = {isa = PBXFileReference; lastKnownFileType = file.storyboard; name = Base; path = Base.lproj/LaunchScreen.storyboard; sourceTree = "<group>"; };
		E3FD2EBD2AFB86BB005060A2 /* Info.plist */ = {isa = PBXFileReference; lastKnownFileType = text.plist.xml; path = Info.plist; sourceTree = "<group>"; };
		E3FD2EC22AFB86BB005060A2 /* SportTrackerTests.xctest */ = {isa = PBXFileReference; explicitFileType = wrapper.cfbundle; includeInIndex = 0; path = SportTrackerTests.xctest; sourceTree = BUILT_PRODUCTS_DIR; };
		E3FD2EC62AFB86BB005060A2 /* SportTrackerTests.swift */ = {isa = PBXFileReference; lastKnownFileType = sourcecode.swift; path = SportTrackerTests.swift; sourceTree = "<group>"; };
		E3FD2ECC2AFB86BB005060A2 /* SportTrackerUITests.xctest */ = {isa = PBXFileReference; explicitFileType = wrapper.cfbundle; includeInIndex = 0; path = SportTrackerUITests.xctest; sourceTree = BUILT_PRODUCTS_DIR; };
		E3FD2ED02AFB86BB005060A2 /* SportTrackerUITests.swift */ = {isa = PBXFileReference; lastKnownFileType = sourcecode.swift; path = SportTrackerUITests.swift; sourceTree = "<group>"; };
		E3FD2ED22AFB86BB005060A2 /* SportTrackerUITestsLaunchTests.swift */ = {isa = PBXFileReference; lastKnownFileType = sourcecode.swift; path = SportTrackerUITestsLaunchTests.swift; sourceTree = "<group>"; };
		E5B224426FAF04BA267DA44B /* Pods_SportTracker.framework */ = {isa = PBXFileReference; explicitFileType = wrapper.framework; includeInIndex = 0; path = Pods_SportTracker.framework; sourceTree = BUILT_PRODUCTS_DIR; };
/* End PBXFileReference section */

/* Begin PBXFrameworksBuildPhase section */
		E3FD2EA92AFB86BA005060A2 /* Frameworks */ = {
			isa = PBXFrameworksBuildPhase;
			buildActionMask = 2147483647;
			files = (
				E369C3B32B5D6AD100A26447 /* FirebaseDatabase in Frameworks */,
				E369C3B52B5D6AD100A26447 /* FirebaseFirestore in Frameworks */,
				4734ED73990408194B6091AA /* Pods_SportTracker.framework in Frameworks */,
				E369C3B72B5D6AD100A26447 /* FirebaseStorage in Frameworks */,
				E369C3B12B5D6AD100A26447 /* FirebaseAuth in Frameworks */,
			);
			runOnlyForDeploymentPostprocessing = 0;
		};
		E3FD2EBF2AFB86BB005060A2 /* Frameworks */ = {
			isa = PBXFrameworksBuildPhase;
			buildActionMask = 2147483647;
			files = (
			);
			runOnlyForDeploymentPostprocessing = 0;
		};
		E3FD2EC92AFB86BB005060A2 /* Frameworks */ = {
			isa = PBXFrameworksBuildPhase;
			buildActionMask = 2147483647;
			files = (
			);
			runOnlyForDeploymentPostprocessing = 0;
		};
/* End PBXFrameworksBuildPhase section */

/* Begin PBXGroup section */
		459190C0B82E29EE46DFB020 /* Pods */ = {
			isa = PBXGroup;
			children = (
				164F527D5431D13D5D67388D /* Pods-SportTracker.debug.xcconfig */,
				B83481E3D121CBD265581CBA /* Pods-SportTracker.release.xcconfig */,
			);
			path = Pods;
			sourceTree = "<group>";
		};
		E30148C12BE8CBEE003025EC /* Tools */ = {
			isa = PBXGroup;
			children = (
				E30148C22BE8CC09003025EC /* TrainingManager.swift */,
			);
			path = Tools;
			sourceTree = "<group>";
		};
		E369C38A2B41BD2A00A26447 /* Registr */ = {
			isa = PBXGroup;
			children = (
				E369C38C2B41BE6D00A26447 /* Name */,
				E369C3972B4829E600A26447 /* Gender */,
				E369C3982B4829FF00A26447 /* SportExp */,
				E369C39A2B482A7E00A26447 /* SportExpNext */,
				E369C3992B482A3300A26447 /* Preferences  */,
				E369C39B2B482A9500A26447 /* Time */,
			);
			path = Registr;
			sourceTree = "<group>";
		};
		E369C38B2B41BD9700A26447 /* Presentation */ = {
			isa = PBXGroup;
			children = (
				E369C3A72B48373A00A26447 /* SplashScreen */,
				E369C3BD2B6A50C200A26447 /* Auth */,
				E369C38A2B41BD2A00A26447 /* Registr */,
				E3F1924E2BAACD0A0023ED4E /* MainMenu */,
			);
			path = Presentation;
			sourceTree = "<group>";
		};
		E369C38C2B41BE6D00A26447 /* Name */ = {
			isa = PBXGroup;
			children = (
				E369C38D2B41BE7D00A26447 /* NameViewController.swift */,
			);
			path = Name;
			sourceTree = "<group>";
		};
		E369C3972B4829E600A26447 /* Gender */ = {
			isa = PBXGroup;
			children = (
				E369C3B82B5D749D00A26447 /* GenderViewController.swift */,
			);
			path = Gender;
			sourceTree = "<group>";
		};
		E369C3982B4829FF00A26447 /* SportExp */ = {
			isa = PBXGroup;
			children = (
				E369C3C02B6D0AE200A26447 /* SportExpViewController.swift */,
			);
			path = SportExp;
			sourceTree = "<group>";
		};
		E369C3992B482A3300A26447 /* Preferences  */ = {
			isa = PBXGroup;
			children = (
				E369C3C42B6D102300A26447 /* PreferenceViewController.swift */,
			);
			path = "Preferences ";
			sourceTree = "<group>";
		};
		E369C39A2B482A7E00A26447 /* SportExpNext */ = {
			isa = PBXGroup;
			children = (
				E369C3C22B6D0FEB00A26447 /* SportExpNextViewController.swift */,
			);
			path = SportExpNext;
			sourceTree = "<group>";
		};
		E369C39B2B482A9500A26447 /* Time */ = {
			isa = PBXGroup;
			children = (
				E3F192462BA1ADD70023ED4E /* TimeViewController.swift */,
			);
			path = Time;
			sourceTree = "<group>";
		};
		E369C3A72B48373A00A26447 /* SplashScreen */ = {
			isa = PBXGroup;
			children = (
				E369C3A82B48375600A26447 /* SplashScreenViewController.swift */,
			);
			path = SplashScreen;
			sourceTree = "<group>";
		};
		E369C3BA2B5E85E000A26447 /* Firebase */ = {
			isa = PBXGroup;
			children = (
				E369C3BB2B5E85F600A26447 /* FirebaseManager.swift */,
				E3F192482BA5C5130023ED4E /* APIManager.swift */,
				E3F1924A2BA5C5B50023ED4E /* Documents.swift */,
			);
			path = Firebase;
			sourceTree = "<group>";
		};
		E369C3BD2B6A50C200A26447 /* Auth */ = {
			isa = PBXGroup;
			children = (
				E369C3BE2B6A50E100A26447 /* AuthViewController.swift */,
			);
			path = Auth;
			sourceTree = "<group>";
		};
		E3F1924E2BAACD0A0023ED4E /* MainMenu */ = {
			isa = PBXGroup;
			children = (
				E3F1924F2BAACD470023ED4E /* MainMenuViewController.swift */,
				E3F192512BAACD570023ED4E /* MainMenuInteractor.swift */,
				E3F192532BAACD660023ED4E /* MainMenuPresenter.swift */,
				E3F192572BAACDA00023ED4E /* MainMenuFactory.swift */,
				E3F192552BAACD8B0023ED4E /* MainMenuRouter.swift */,
			);
			path = MainMenu;
			sourceTree = "<group>";
		};
		E3FD2EA32AFB86BA005060A2 = {
			isa = PBXGroup;
			children = (
				E3FD2EAE2AFB86BA005060A2 /* SportTracker */,
				E3FD2EC52AFB86BB005060A2 /* SportTrackerTests */,
				E3FD2ECF2AFB86BB005060A2 /* SportTrackerUITests */,
				E3FD2EAD2AFB86BA005060A2 /* Products */,
				459190C0B82E29EE46DFB020 /* Pods */,
				E98C6F9A5583DA4CA20E14B3 /* Frameworks */,
			);
			sourceTree = "<group>";
		};
		E3FD2EAD2AFB86BA005060A2 /* Products */ = {
			isa = PBXGroup;
			children = (
				E3FD2EAC2AFB86BA005060A2 /* SportTracker.app */,
				E3FD2EC22AFB86BB005060A2 /* SportTrackerTests.xctest */,
				E3FD2ECC2AFB86BB005060A2 /* SportTrackerUITests.xctest */,
			);
			name = Products;
			sourceTree = "<group>";
		};
		E3FD2EAE2AFB86BA005060A2 /* SportTracker */ = {
			isa = PBXGroup;
			children = (
				E30148C12BE8CBEE003025EC /* Tools */,
				E369C3BA2B5E85E000A26447 /* Firebase */,
				E369C38B2B41BD9700A26447 /* Presentation */,
				E3FD2EAF2AFB86BA005060A2 /* AppDelegate.swift */,
				E3FD2EB12AFB86BA005060A2 /* SceneDelegate.swift */,
				E3FD2EB82AFB86BB005060A2 /* Assets.xcassets */,
				E3FD2EBA2AFB86BB005060A2 /* LaunchScreen.storyboard */,
				E3FD2EBD2AFB86BB005060A2 /* Info.plist */,
				E369C3AC2B5D222800A26447 /* GoogleService-Info.plist */,
			);
			path = SportTracker;
			sourceTree = "<group>";
		};
		E3FD2EC52AFB86BB005060A2 /* SportTrackerTests */ = {
			isa = PBXGroup;
			children = (
				E3FD2EC62AFB86BB005060A2 /* SportTrackerTests.swift */,
			);
			path = SportTrackerTests;
			sourceTree = "<group>";
		};
		E3FD2ECF2AFB86BB005060A2 /* SportTrackerUITests */ = {
			isa = PBXGroup;
			children = (
				E3FD2ED02AFB86BB005060A2 /* SportTrackerUITests.swift */,
				E3FD2ED22AFB86BB005060A2 /* SportTrackerUITestsLaunchTests.swift */,
			);
			path = SportTrackerUITests;
			sourceTree = "<group>";
		};
		E98C6F9A5583DA4CA20E14B3 /* Frameworks */ = {
			isa = PBXGroup;
			children = (
				E5B224426FAF04BA267DA44B /* Pods_SportTracker.framework */,
			);
			name = Frameworks;
			sourceTree = "<group>";
		};
/* End PBXGroup section */

/* Begin PBXNativeTarget section */
		E3FD2EAB2AFB86BA005060A2 /* SportTracker */ = {
			isa = PBXNativeTarget;
			buildConfigurationList = E3FD2ED62AFB86BB005060A2 /* Build configuration list for PBXNativeTarget "SportTracker" */;
			buildPhases = (
				34ECE137BB3B5B44C0B240D1 /* [CP] Check Pods Manifest.lock */,
				E3FD2EA82AFB86BA005060A2 /* Sources */,
				E3FD2EA92AFB86BA005060A2 /* Frameworks */,
				E3FD2EAA2AFB86BA005060A2 /* Resources */,
				0F9009FDB0D6A8B7747196BB /* [CP] Embed Pods Frameworks */,
			);
			buildRules = (
			);
			dependencies = (
			);
			name = SportTracker;
			packageProductDependencies = (
				E369C3B02B5D6AD100A26447 /* FirebaseAuth */,
				E369C3B22B5D6AD100A26447 /* FirebaseDatabase */,
				E369C3B42B5D6AD100A26447 /* FirebaseFirestore */,
				E369C3B62B5D6AD100A26447 /* FirebaseStorage */,
			);
			productName = SportTracker;
			productReference = E3FD2EAC2AFB86BA005060A2 /* SportTracker.app */;
			productType = "com.apple.product-type.application";
		};
		E3FD2EC12AFB86BB005060A2 /* SportTrackerTests */ = {
			isa = PBXNativeTarget;
			buildConfigurationList = E3FD2ED92AFB86BB005060A2 /* Build configuration list for PBXNativeTarget "SportTrackerTests" */;
			buildPhases = (
				E3FD2EBE2AFB86BB005060A2 /* Sources */,
				E3FD2EBF2AFB86BB005060A2 /* Frameworks */,
				E3FD2EC02AFB86BB005060A2 /* Resources */,
			);
			buildRules = (
			);
			dependencies = (
				E3FD2EC42AFB86BB005060A2 /* PBXTargetDependency */,
			);
			name = SportTrackerTests;
			productName = SportTrackerTests;
			productReference = E3FD2EC22AFB86BB005060A2 /* SportTrackerTests.xctest */;
			productType = "com.apple.product-type.bundle.unit-test";
		};
		E3FD2ECB2AFB86BB005060A2 /* SportTrackerUITests */ = {
			isa = PBXNativeTarget;
			buildConfigurationList = E3FD2EDC2AFB86BB005060A2 /* Build configuration list for PBXNativeTarget "SportTrackerUITests" */;
			buildPhases = (
				E3FD2EC82AFB86BB005060A2 /* Sources */,
				E3FD2EC92AFB86BB005060A2 /* Frameworks */,
				E3FD2ECA2AFB86BB005060A2 /* Resources */,
			);
			buildRules = (
			);
			dependencies = (
				E3FD2ECE2AFB86BB005060A2 /* PBXTargetDependency */,
			);
			name = SportTrackerUITests;
			productName = SportTrackerUITests;
			productReference = E3FD2ECC2AFB86BB005060A2 /* SportTrackerUITests.xctest */;
			productType = "com.apple.product-type.bundle.ui-testing";
		};
/* End PBXNativeTarget section */

/* Begin PBXProject section */
		E3FD2EA42AFB86BA005060A2 /* Project object */ = {
			isa = PBXProject;
			attributes = {
				BuildIndependentTargetsInParallel = 1;
				LastSwiftUpdateCheck = 1430;
				LastUpgradeCheck = 1430;
				TargetAttributes = {
					E3FD2EAB2AFB86BA005060A2 = {
						CreatedOnToolsVersion = 14.3;
					};
					E3FD2EC12AFB86BB005060A2 = {
						CreatedOnToolsVersion = 14.3;
						TestTargetID = E3FD2EAB2AFB86BA005060A2;
					};
					E3FD2ECB2AFB86BB005060A2 = {
						CreatedOnToolsVersion = 14.3;
						TestTargetID = E3FD2EAB2AFB86BA005060A2;
					};
				};
			};
			buildConfigurationList = E3FD2EA72AFB86BA005060A2 /* Build configuration list for PBXProject "SportTracker" */;
			compatibilityVersion = "Xcode 14.0";
			developmentRegion = en;
			hasScannedForEncodings = 0;
			knownRegions = (
				en,
				Base,
			);
			mainGroup = E3FD2EA32AFB86BA005060A2;
			packageReferences = (
				E369C3AF2B5D6AD100A26447 /* XCRemoteSwiftPackageReference "firebase-ios-sdk" */,
			);
			productRefGroup = E3FD2EAD2AFB86BA005060A2 /* Products */;
			projectDirPath = "";
			projectRoot = "";
			targets = (
				E3FD2EAB2AFB86BA005060A2 /* SportTracker */,
				E3FD2EC12AFB86BB005060A2 /* SportTrackerTests */,
				E3FD2ECB2AFB86BB005060A2 /* SportTrackerUITests */,
			);
		};
/* End PBXProject section */

/* Begin PBXResourcesBuildPhase section */
		E3FD2EAA2AFB86BA005060A2 /* Resources */ = {
			isa = PBXResourcesBuildPhase;
			buildActionMask = 2147483647;
			files = (
				E3FD2EBC2AFB86BB005060A2 /* LaunchScreen.storyboard in Resources */,
				E3FD2EB92AFB86BB005060A2 /* Assets.xcassets in Resources */,
				E369C3AD2B5D222800A26447 /* GoogleService-Info.plist in Resources */,
			);
			runOnlyForDeploymentPostprocessing = 0;
		};
		E3FD2EC02AFB86BB005060A2 /* Resources */ = {
			isa = PBXResourcesBuildPhase;
			buildActionMask = 2147483647;
			files = (
			);
			runOnlyForDeploymentPostprocessing = 0;
		};
		E3FD2ECA2AFB86BB005060A2 /* Resources */ = {
			isa = PBXResourcesBuildPhase;
			buildActionMask = 2147483647;
			files = (
			);
			runOnlyForDeploymentPostprocessing = 0;
		};
/* End PBXResourcesBuildPhase section */

/* Begin PBXShellScriptBuildPhase section */
		0F9009FDB0D6A8B7747196BB /* [CP] Embed Pods Frameworks */ = {
			isa = PBXShellScriptBuildPhase;
			buildActionMask = 2147483647;
			files = (
			);
			inputFileListPaths = (
				"${PODS_ROOT}/Target Support Files/Pods-SportTracker/Pods-SportTracker-frameworks-${CONFIGURATION}-input-files.xcfilelist",
			);
			name = "[CP] Embed Pods Frameworks";
			outputFileListPaths = (
				"${PODS_ROOT}/Target Support Files/Pods-SportTracker/Pods-SportTracker-frameworks-${CONFIGURATION}-output-files.xcfilelist",
			);
			runOnlyForDeploymentPostprocessing = 0;
			shellPath = /bin/sh;
			shellScript = "\"${PODS_ROOT}/Target Support Files/Pods-SportTracker/Pods-SportTracker-frameworks.sh\"\n";
			showEnvVarsInLog = 0;
		};
		34ECE137BB3B5B44C0B240D1 /* [CP] Check Pods Manifest.lock */ = {
			isa = PBXShellScriptBuildPhase;
			buildActionMask = 2147483647;
			files = (
			);
			inputFileListPaths = (
			);
			inputPaths = (
				"${PODS_PODFILE_DIR_PATH}/Podfile.lock",
				"${PODS_ROOT}/Manifest.lock",
			);
			name = "[CP] Check Pods Manifest.lock";
			outputFileListPaths = (
			);
			outputPaths = (
				"$(DERIVED_FILE_DIR)/Pods-SportTracker-checkManifestLockResult.txt",
			);
			runOnlyForDeploymentPostprocessing = 0;
			shellPath = /bin/sh;
			shellScript = "diff \"${PODS_PODFILE_DIR_PATH}/Podfile.lock\" \"${PODS_ROOT}/Manifest.lock\" > /dev/null\nif [ $? != 0 ] ; then\n    # print error to STDERR\n    echo \"error: The sandbox is not in sync with the Podfile.lock. Run 'pod install' or update your CocoaPods installation.\" >&2\n    exit 1\nfi\n# This output is used by Xcode 'outputs' to avoid re-running this script phase.\necho \"SUCCESS\" > \"${SCRIPT_OUTPUT_FILE_0}\"\n";
			showEnvVarsInLog = 0;
		};
/* End PBXShellScriptBuildPhase section */

/* Begin PBXSourcesBuildPhase section */
		E3FD2EA82AFB86BA005060A2 /* Sources */ = {
			isa = PBXSourcesBuildPhase;
			buildActionMask = 2147483647;
			files = (
				E3F192492BA5C5130023ED4E /* APIManager.swift in Sources */,
				E369C3BF2B6A50E100A26447 /* AuthViewController.swift in Sources */,
				E369C3B92B5D749D00A26447 /* GenderViewController.swift in Sources */,
				E3F1924B2BA5C5B50023ED4E /* Documents.swift in Sources */,
				E3FD2EB02AFB86BA005060A2 /* AppDelegate.swift in Sources */,
				E369C3C12B6D0AE200A26447 /* SportExpViewController.swift in Sources */,
				E3F192502BAACD470023ED4E /* MainMenuViewController.swift in Sources */,
				E369C3BC2B5E85F600A26447 /* FirebaseManager.swift in Sources */,
				E3F192522BAACD570023ED4E /* MainMenuInteractor.swift in Sources */,
				E30148C32BE8CC09003025EC /* TrainingManager.swift in Sources */,
				E3F192472BA1ADD70023ED4E /* TimeViewController.swift in Sources */,
				E3F192562BAACD8B0023ED4E /* MainMenuRouter.swift in Sources */,
				E3F192582BAACDA00023ED4E /* MainMenuFactory.swift in Sources */,
				E369C3C52B6D102300A26447 /* PreferenceViewController.swift in Sources */,
				E3F192542BAACD660023ED4E /* MainMenuPresenter.swift in Sources */,
				E369C3A92B48375600A26447 /* SplashScreenViewController.swift in Sources */,
				E3FD2EB22AFB86BA005060A2 /* SceneDelegate.swift in Sources */,
				E369C3C32B6D0FEB00A26447 /* SportExpNextViewController.swift in Sources */,
				E369C38E2B41BE7D00A26447 /* NameViewController.swift in Sources */,
			);
			runOnlyForDeploymentPostprocessing = 0;
		};
		E3FD2EBE2AFB86BB005060A2 /* Sources */ = {
			isa = PBXSourcesBuildPhase;
			buildActionMask = 2147483647;
			files = (
				E3FD2EC72AFB86BB005060A2 /* SportTrackerTests.swift in Sources */,
			);
			runOnlyForDeploymentPostprocessing = 0;
		};
		E3FD2EC82AFB86BB005060A2 /* Sources */ = {
			isa = PBXSourcesBuildPhase;
			buildActionMask = 2147483647;
			files = (
				E3FD2ED32AFB86BB005060A2 /* SportTrackerUITestsLaunchTests.swift in Sources */,
				E3FD2ED12AFB86BB005060A2 /* SportTrackerUITests.swift in Sources */,
			);
			runOnlyForDeploymentPostprocessing = 0;
		};
/* End PBXSourcesBuildPhase section */

/* Begin PBXTargetDependency section */
		E3FD2EC42AFB86BB005060A2 /* PBXTargetDependency */ = {
			isa = PBXTargetDependency;
			target = E3FD2EAB2AFB86BA005060A2 /* SportTracker */;
			targetProxy = E3FD2EC32AFB86BB005060A2 /* PBXContainerItemProxy */;
		};
		E3FD2ECE2AFB86BB005060A2 /* PBXTargetDependency */ = {
			isa = PBXTargetDependency;
			target = E3FD2EAB2AFB86BA005060A2 /* SportTracker */;
			targetProxy = E3FD2ECD2AFB86BB005060A2 /* PBXContainerItemProxy */;
		};
/* End PBXTargetDependency section */

/* Begin PBXVariantGroup section */
		E3FD2EBA2AFB86BB005060A2 /* LaunchScreen.storyboard */ = {
			isa = PBXVariantGroup;
			children = (
				E3FD2EBB2AFB86BB005060A2 /* Base */,
			);
			name = LaunchScreen.storyboard;
			sourceTree = "<group>";
		};
/* End PBXVariantGroup section */

/* Begin XCBuildConfiguration section */
		E3FD2ED42AFB86BB005060A2 /* Debug */ = {
			isa = XCBuildConfiguration;
			buildSettings = {
				ALWAYS_SEARCH_USER_PATHS = NO;
				CLANG_ANALYZER_NONNULL = YES;
				CLANG_ANALYZER_NUMBER_OBJECT_CONVERSION = YES_AGGRESSIVE;
				CLANG_CXX_LANGUAGE_STANDARD = "gnu++20";
				CLANG_ENABLE_MODULES = YES;
				CLANG_ENABLE_OBJC_ARC = YES;
				CLANG_ENABLE_OBJC_WEAK = YES;
				CLANG_WARN_BLOCK_CAPTURE_AUTORELEASING = YES;
				CLANG_WARN_BOOL_CONVERSION = YES;
				CLANG_WARN_COMMA = YES;
				CLANG_WARN_CONSTANT_CONVERSION = YES;
				CLANG_WARN_DEPRECATED_OBJC_IMPLEMENTATIONS = YES;
				CLANG_WARN_DIRECT_OBJC_ISA_USAGE = YES_ERROR;
				CLANG_WARN_DOCUMENTATION_COMMENTS = YES;
				CLANG_WARN_EMPTY_BODY = YES;
				CLANG_WARN_ENUM_CONVERSION = YES;
				CLANG_WARN_INFINITE_RECURSION = YES;
				CLANG_WARN_INT_CONVERSION = YES;
				CLANG_WARN_NON_LITERAL_NULL_CONVERSION = YES;
				CLANG_WARN_OBJC_IMPLICIT_RETAIN_SELF = YES;
				CLANG_WARN_OBJC_LITERAL_CONVERSION = YES;
				CLANG_WARN_OBJC_ROOT_CLASS = YES_ERROR;
				CLANG_WARN_QUOTED_INCLUDE_IN_FRAMEWORK_HEADER = YES;
				CLANG_WARN_RANGE_LOOP_ANALYSIS = YES;
				CLANG_WARN_STRICT_PROTOTYPES = YES;
				CLANG_WARN_SUSPICIOUS_MOVE = YES;
				CLANG_WARN_UNGUARDED_AVAILABILITY = YES_AGGRESSIVE;
				CLANG_WARN_UNREACHABLE_CODE = YES;
				CLANG_WARN__DUPLICATE_METHOD_MATCH = YES;
				COPY_PHASE_STRIP = NO;
				DEBUG_INFORMATION_FORMAT = dwarf;
				ENABLE_STRICT_OBJC_MSGSEND = YES;
				ENABLE_TESTABILITY = YES;
				GCC_C_LANGUAGE_STANDARD = gnu11;
				GCC_DYNAMIC_NO_PIC = NO;
				GCC_NO_COMMON_BLOCKS = YES;
				GCC_OPTIMIZATION_LEVEL = 0;
				GCC_PREPROCESSOR_DEFINITIONS = (
					"DEBUG=1",
					"$(inherited)",
				);
				GCC_WARN_64_TO_32_BIT_CONVERSION = YES;
				GCC_WARN_ABOUT_RETURN_TYPE = YES_ERROR;
				GCC_WARN_UNDECLARED_SELECTOR = YES;
				GCC_WARN_UNINITIALIZED_AUTOS = YES_AGGRESSIVE;
				GCC_WARN_UNUSED_FUNCTION = YES;
				GCC_WARN_UNUSED_VARIABLE = YES;
				IPHONEOS_DEPLOYMENT_TARGET = 16.4;
				MTL_ENABLE_DEBUG_INFO = INCLUDE_SOURCE;
				MTL_FAST_MATH = YES;
				ONLY_ACTIVE_ARCH = YES;
				SDKROOT = iphoneos;
				SWIFT_ACTIVE_COMPILATION_CONDITIONS = DEBUG;
				SWIFT_OPTIMIZATION_LEVEL = "-Onone";
			};
			name = Debug;
		};
		E3FD2ED52AFB86BB005060A2 /* Release */ = {
			isa = XCBuildConfiguration;
			buildSettings = {
				ALWAYS_SEARCH_USER_PATHS = NO;
				CLANG_ANALYZER_NONNULL = YES;
				CLANG_ANALYZER_NUMBER_OBJECT_CONVERSION = YES_AGGRESSIVE;
				CLANG_CXX_LANGUAGE_STANDARD = "gnu++20";
				CLANG_ENABLE_MODULES = YES;
				CLANG_ENABLE_OBJC_ARC = YES;
				CLANG_ENABLE_OBJC_WEAK = YES;
				CLANG_WARN_BLOCK_CAPTURE_AUTORELEASING = YES;
				CLANG_WARN_BOOL_CONVERSION = YES;
				CLANG_WARN_COMMA = YES;
				CLANG_WARN_CONSTANT_CONVERSION = YES;
				CLANG_WARN_DEPRECATED_OBJC_IMPLEMENTATIONS = YES;
				CLANG_WARN_DIRECT_OBJC_ISA_USAGE = YES_ERROR;
				CLANG_WARN_DOCUMENTATION_COMMENTS = YES;
				CLANG_WARN_EMPTY_BODY = YES;
				CLANG_WARN_ENUM_CONVERSION = YES;
				CLANG_WARN_INFINITE_RECURSION = YES;
				CLANG_WARN_INT_CONVERSION = YES;
				CLANG_WARN_NON_LITERAL_NULL_CONVERSION = YES;
				CLANG_WARN_OBJC_IMPLICIT_RETAIN_SELF = YES;
				CLANG_WARN_OBJC_LITERAL_CONVERSION = YES;
				CLANG_WARN_OBJC_ROOT_CLASS = YES_ERROR;
				CLANG_WARN_QUOTED_INCLUDE_IN_FRAMEWORK_HEADER = YES;
				CLANG_WARN_RANGE_LOOP_ANALYSIS = YES;
				CLANG_WARN_STRICT_PROTOTYPES = YES;
				CLANG_WARN_SUSPICIOUS_MOVE = YES;
				CLANG_WARN_UNGUARDED_AVAILABILITY = YES_AGGRESSIVE;
				CLANG_WARN_UNREACHABLE_CODE = YES;
				CLANG_WARN__DUPLICATE_METHOD_MATCH = YES;
				COPY_PHASE_STRIP = NO;
				DEBUG_INFORMATION_FORMAT = "dwarf-with-dsym";
				ENABLE_NS_ASSERTIONS = NO;
				ENABLE_STRICT_OBJC_MSGSEND = YES;
				GCC_C_LANGUAGE_STANDARD = gnu11;
				GCC_NO_COMMON_BLOCKS = YES;
				GCC_WARN_64_TO_32_BIT_CONVERSION = YES;
				GCC_WARN_ABOUT_RETURN_TYPE = YES_ERROR;
				GCC_WARN_UNDECLARED_SELECTOR = YES;
				GCC_WARN_UNINITIALIZED_AUTOS = YES_AGGRESSIVE;
				GCC_WARN_UNUSED_FUNCTION = YES;
				GCC_WARN_UNUSED_VARIABLE = YES;
				IPHONEOS_DEPLOYMENT_TARGET = 16.4;
				MTL_ENABLE_DEBUG_INFO = NO;
				MTL_FAST_MATH = YES;
				SDKROOT = iphoneos;
				SWIFT_COMPILATION_MODE = wholemodule;
				SWIFT_OPTIMIZATION_LEVEL = "-O";
				VALIDATE_PRODUCT = YES;
			};
			name = Release;
		};
		E3FD2ED72AFB86BB005060A2 /* Debug */ = {
			isa = XCBuildConfiguration;
			baseConfigurationReference = 164F527D5431D13D5D67388D /* Pods-SportTracker.debug.xcconfig */;
			buildSettings = {
				ASSETCATALOG_COMPILER_APPICON_NAME = AppIcon;
				ASSETCATALOG_COMPILER_GLOBAL_ACCENT_COLOR_NAME = AccentColor;
				CODE_SIGN_STYLE = Automatic;
				CURRENT_PROJECT_VERSION = 1;
				GENERATE_INFOPLIST_FILE = YES;
				INFOPLIST_FILE = SportTracker/Info.plist;
				INFOPLIST_KEY_UIApplicationSupportsIndirectInputEvents = YES;
				INFOPLIST_KEY_UILaunchStoryboardName = LaunchScreen;
				INFOPLIST_KEY_UISupportedInterfaceOrientations_iPad = "UIInterfaceOrientationPortrait UIInterfaceOrientationPortraitUpsideDown UIInterfaceOrientationLandscapeLeft UIInterfaceOrientationLandscapeRight";
				INFOPLIST_KEY_UISupportedInterfaceOrientations_iPhone = "UIInterfaceOrientationPortrait UIInterfaceOrientationLandscapeLeft UIInterfaceOrientationLandscapeRight";
				LD_RUNPATH_SEARCH_PATHS = (
					"$(inherited)",
					"@executable_path/Frameworks",
				);
				MARKETING_VERSION = 1.0;
				PRODUCT_BUNDLE_IDENTIFIER = vadyadance.SportTracker;
				PRODUCT_NAME = "$(TARGET_NAME)";
				SWIFT_EMIT_LOC_STRINGS = YES;
				SWIFT_VERSION = 5.0;
				TARGETED_DEVICE_FAMILY = "1,2";
			};
			name = Debug;
		};
		E3FD2ED82AFB86BB005060A2 /* Release */ = {
			isa = XCBuildConfiguration;
			baseConfigurationReference = B83481E3D121CBD265581CBA /* Pods-SportTracker.release.xcconfig */;
			buildSettings = {
				ASSETCATALOG_COMPILER_APPICON_NAME = AppIcon;
				ASSETCATALOG_COMPILER_GLOBAL_ACCENT_COLOR_NAME = AccentColor;
				CODE_SIGN_STYLE = Automatic;
				CURRENT_PROJECT_VERSION = 1;
				GENERATE_INFOPLIST_FILE = YES;
				INFOPLIST_FILE = SportTracker/Info.plist;
				INFOPLIST_KEY_UIApplicationSupportsIndirectInputEvents = YES;
				INFOPLIST_KEY_UILaunchStoryboardName = LaunchScreen;
				INFOPLIST_KEY_UISupportedInterfaceOrientations_iPad = "UIInterfaceOrientationPortrait UIInterfaceOrientationPortraitUpsideDown UIInterfaceOrientationLandscapeLeft UIInterfaceOrientationLandscapeRight";
				INFOPLIST_KEY_UISupportedInterfaceOrientations_iPhone = "UIInterfaceOrientationPortrait UIInterfaceOrientationLandscapeLeft UIInterfaceOrientationLandscapeRight";
				LD_RUNPATH_SEARCH_PATHS = (
					"$(inherited)",
					"@executable_path/Frameworks",
				);
				MARKETING_VERSION = 1.0;
				PRODUCT_BUNDLE_IDENTIFIER = vadyadance.SportTracker;
				PRODUCT_NAME = "$(TARGET_NAME)";
				SWIFT_EMIT_LOC_STRINGS = YES;
				SWIFT_VERSION = 5.0;
				TARGETED_DEVICE_FAMILY = "1,2";
			};
			name = Release;
		};
		E3FD2EDA2AFB86BB005060A2 /* Debug */ = {
			isa = XCBuildConfiguration;
			buildSettings = {
				ALWAYS_EMBED_SWIFT_STANDARD_LIBRARIES = YES;
				BUNDLE_LOADER = "$(TEST_HOST)";
				CODE_SIGN_STYLE = Automatic;
				CURRENT_PROJECT_VERSION = 1;
				GENERATE_INFOPLIST_FILE = YES;
				IPHONEOS_DEPLOYMENT_TARGET = 16.4;
				MARKETING_VERSION = 1.0;
				PRODUCT_BUNDLE_IDENTIFIER = vadyadance.SportTrackerTests;
				PRODUCT_NAME = "$(TARGET_NAME)";
				SWIFT_EMIT_LOC_STRINGS = NO;
				SWIFT_VERSION = 5.0;
				TARGETED_DEVICE_FAMILY = "1,2";
				TEST_HOST = "$(BUILT_PRODUCTS_DIR)/SportTracker.app/$(BUNDLE_EXECUTABLE_FOLDER_PATH)/SportTracker";
			};
			name = Debug;
		};
		E3FD2EDB2AFB86BB005060A2 /* Release */ = {
			isa = XCBuildConfiguration;
			buildSettings = {
				ALWAYS_EMBED_SWIFT_STANDARD_LIBRARIES = YES;
				BUNDLE_LOADER = "$(TEST_HOST)";
				CODE_SIGN_STYLE = Automatic;
				CURRENT_PROJECT_VERSION = 1;
				GENERATE_INFOPLIST_FILE = YES;
				IPHONEOS_DEPLOYMENT_TARGET = 16.4;
				MARKETING_VERSION = 1.0;
				PRODUCT_BUNDLE_IDENTIFIER = vadyadance.SportTrackerTests;
				PRODUCT_NAME = "$(TARGET_NAME)";
				SWIFT_EMIT_LOC_STRINGS = NO;
				SWIFT_VERSION = 5.0;
				TARGETED_DEVICE_FAMILY = "1,2";
				TEST_HOST = "$(BUILT_PRODUCTS_DIR)/SportTracker.app/$(BUNDLE_EXECUTABLE_FOLDER_PATH)/SportTracker";
			};
			name = Release;
		};
		E3FD2EDD2AFB86BB005060A2 /* Debug */ = {
			isa = XCBuildConfiguration;
			buildSettings = {
				ALWAYS_EMBED_SWIFT_STANDARD_LIBRARIES = YES;
				CODE_SIGN_STYLE = Automatic;
				CURRENT_PROJECT_VERSION = 1;
				GENERATE_INFOPLIST_FILE = YES;
				MARKETING_VERSION = 1.0;
				PRODUCT_BUNDLE_IDENTIFIER = vadyadance.SportTrackerUITests;
				PRODUCT_NAME = "$(TARGET_NAME)";
				SWIFT_EMIT_LOC_STRINGS = NO;
				SWIFT_VERSION = 5.0;
				TARGETED_DEVICE_FAMILY = "1,2";
				TEST_TARGET_NAME = SportTracker;
			};
			name = Debug;
		};
		E3FD2EDE2AFB86BB005060A2 /* Release */ = {
			isa = XCBuildConfiguration;
			buildSettings = {
				ALWAYS_EMBED_SWIFT_STANDARD_LIBRARIES = YES;
				CODE_SIGN_STYLE = Automatic;
				CURRENT_PROJECT_VERSION = 1;
				GENERATE_INFOPLIST_FILE = YES;
				MARKETING_VERSION = 1.0;
				PRODUCT_BUNDLE_IDENTIFIER = vadyadance.SportTrackerUITests;
				PRODUCT_NAME = "$(TARGET_NAME)";
				SWIFT_EMIT_LOC_STRINGS = NO;
				SWIFT_VERSION = 5.0;
				TARGETED_DEVICE_FAMILY = "1,2";
				TEST_TARGET_NAME = SportTracker;
			};
			name = Release;
		};
/* End XCBuildConfiguration section */

/* Begin XCConfigurationList section */
		E3FD2EA72AFB86BA005060A2 /* Build configuration list for PBXProject "SportTracker" */ = {
			isa = XCConfigurationList;
			buildConfigurations = (
				E3FD2ED42AFB86BB005060A2 /* Debug */,
				E3FD2ED52AFB86BB005060A2 /* Release */,
			);
			defaultConfigurationIsVisible = 0;
			defaultConfigurationName = Release;
		};
		E3FD2ED62AFB86BB005060A2 /* Build configuration list for PBXNativeTarget "SportTracker" */ = {
			isa = XCConfigurationList;
			buildConfigurations = (
				E3FD2ED72AFB86BB005060A2 /* Debug */,
				E3FD2ED82AFB86BB005060A2 /* Release */,
			);
			defaultConfigurationIsVisible = 0;
			defaultConfigurationName = Release;
		};
		E3FD2ED92AFB86BB005060A2 /* Build configuration list for PBXNativeTarget "SportTrackerTests" */ = {
			isa = XCConfigurationList;
			buildConfigurations = (
				E3FD2EDA2AFB86BB005060A2 /* Debug */,
				E3FD2EDB2AFB86BB005060A2 /* Release */,
			);
			defaultConfigurationIsVisible = 0;
			defaultConfigurationName = Release;
		};
		E3FD2EDC2AFB86BB005060A2 /* Build configuration list for PBXNativeTarget "SportTrackerUITests" */ = {
			isa = XCConfigurationList;
			buildConfigurations = (
				E3FD2EDD2AFB86BB005060A2 /* Debug */,
				E3FD2EDE2AFB86BB005060A2 /* Release */,
			);
			defaultConfigurationIsVisible = 0;
			defaultConfigurationName = Release;
		};
/* End XCConfigurationList section */

/* Begin XCRemoteSwiftPackageReference section */
		E369C3AF2B5D6AD100A26447 /* XCRemoteSwiftPackageReference "firebase-ios-sdk" */ = {
			isa = XCRemoteSwiftPackageReference;
			repositoryURL = "https://github.com/firebase/firebase-ios-sdk";
			requirement = {
				kind = upToNextMajorVersion;
				minimumVersion = 10.0.0;
			};
		};
/* End XCRemoteSwiftPackageReference section */

/* Begin XCSwiftPackageProductDependency section */
		E369C3B02B5D6AD100A26447 /* FirebaseAuth */ = {
			isa = XCSwiftPackageProductDependency;
			package = E369C3AF2B5D6AD100A26447 /* XCRemoteSwiftPackageReference "firebase-ios-sdk" */;
			productName = FirebaseAuth;
		};
		E369C3B22B5D6AD100A26447 /* FirebaseDatabase */ = {
			isa = XCSwiftPackageProductDependency;
			package = E369C3AF2B5D6AD100A26447 /* XCRemoteSwiftPackageReference "firebase-ios-sdk" */;
			productName = FirebaseDatabase;
		};
		E369C3B42B5D6AD100A26447 /* FirebaseFirestore */ = {
			isa = XCSwiftPackageProductDependency;
			package = E369C3AF2B5D6AD100A26447 /* XCRemoteSwiftPackageReference "firebase-ios-sdk" */;
			productName = FirebaseFirestore;
		};
		E369C3B62B5D6AD100A26447 /* FirebaseStorage */ = {
			isa = XCSwiftPackageProductDependency;
			package = E369C3AF2B5D6AD100A26447 /* XCRemoteSwiftPackageReference "firebase-ios-sdk" */;
			productName = FirebaseStorage;
		};
/* End XCSwiftPackageProductDependency section */
	};
	rootObject = E3FD2EA42AFB86BA005060A2 /* Project object */;
}
