// !$*UTF8*$!
{
	archiveVersion = 1;
	classes = {
	};
	objectVersion = 56;
	objects = {

/* Begin PBXBuildFile section */
		E3FD2EB02AFB86BA005060A2 /* AppDelegate.swift in Sources */ = {isa = PBXBuildFile; fileRef = E3FD2EAF2AFB86BA005060A2 /* AppDelegate.swift */; };
		E3FD2EB22AFB86BA005060A2 /* SceneDelegate.swift in Sources */ = {isa = PBXBuildFile; fileRef = E3FD2EB12AFB86BA005060A2 /* SceneDelegate.swift */; };
		E3FD2EB42AFB86BA005060A2 /* ViewController.swift in Sources */ = {isa = PBXBuildFile; fileRef = E3FD2EB32AFB86BA005060A2 /* ViewController.swift */; };
		E3FD2EB72AFB86BA005060A2 /* Main.storyboard in Resources */ = {isa = PBXBuildFile; fileRef = E3FD2EB52AFB86BA005060A2 /* Main.storyboard */; };
		E3FD2EB92AFB86BB005060A2 /* Assets.xcassets in Resources */ = {isa = PBXBuildFile; fileRef = E3FD2EB82AFB86BB005060A2 /* Assets.xcassets */; };
		E3FD2EBC2AFB86BB005060A2 /* LaunchScreen.storyboard in Resources */ = {isa = PBXBuildFile; fileRef = E3FD2EBA2AFB86BB005060A2 /* LaunchScreen.storyboard */; };
		E3FD2EC72AFB86BB005060A2 /* SportTrackerTests.swift in Sources */ = {isa = PBXBuildFile; fileRef = E3FD2EC62AFB86BB005060A2 /* SportTrackerTests.swift */; };
		E3FD2ED12AFB86BB005060A2 /* SportTrackerUITests.swift in Sources */ = {isa = PBXBuildFile; fileRef = E3FD2ED02AFB86BB005060A2 /* SportTrackerUITests.swift */; };
		E3FD2ED32AFB86BB005060A2 /* SportTrackerUITestsLaunchTests.swift in Sources */ = {isa = PBXBuildFile; fileRef = E3FD2ED22AFB86BB005060A2 /* SportTrackerUITestsLaunchTests.swift */; };
/* End PBXBuildFile section */

/* Begin PBXContainerItemProxy section */
		E3FD2EC32AFB86BB005060A2 /* PBXContainerItemProxy */ = {
			isa = PBXContainerItemProxy;
			containerPortal = E3FD2EA42AFB86BA005060A2 /* Project object */;
			proxyType = 1;
			remoteGlobalIDString = E3FD2EAB2AFB86BA005060A2;
			remoteInfo = SportTracker;
		};
		E3FD2ECD2AFB86BB005060A2 /* PBXContainerItemProxy */ = {
			isa = PBXContainerItemProxy;
			containerPortal = E3FD2EA42AFB86BA005060A2 /* Project object */;
			proxyType = 1;
			remoteGlobalIDString = E3FD2EAB2AFB86BA005060A2;
			remoteInfo = SportTracker;
		};
/* End PBXContainerItemProxy section */

/* Begin PBXFileReference section */
		E3FD2EAC2AFB86BA005060A2 /* SportTracker.app */ = {isa = PBXFileReference; explicitFileType = wrapper.application; includeInIndex = 0; path = SportTracker.app; sourceTree = BUILT_PRODUCTS_DIR; };
		E3FD2EAF2AFB86BA005060A2 /* AppDelegate.swift */ = {isa = PBXFileReference; lastKnownFileType = sourcecode.swift; path = AppDelegate.swift; sourceTree = "<group>"; };
		E3FD2EB12AFB86BA005060A2 /* SceneDelegate.swift */ = {isa = PBXFileReference; lastKnownFileType = sourcecode.swift; path = SceneDelegate.swift; sourceTree = "<group>"; };
		E3FD2EB32AFB86BA005060A2 /* ViewController.swift */ = {isa = PBXFileReference; lastKnownFileType = sourcecode.swift; path = ViewController.swift; sourceTree = "<group>"; };
		E3FD2EB62AFB86BA005060A2 /* Base */ = {isa = PBXFileReference; lastKnownFileType = file.storyboard; name = Base; path = Base.lproj/Main.storyboard; sourceTree = "<group>"; };
		E3FD2EB82AFB86BB005060A2 /* Assets.xcassets */ = {isa = PBXFileReference; lastKnownFileType = folder.assetcatalog; path = Assets.xcassets; sourceTree = "<group>"; };
		E3FD2EBB2AFB86BB005060A2 /* Base */ = {isa = PBXFileReference; lastKnownFileType = file.storyboard; name = Base; path = Base.lproj/LaunchScreen.storyboard; sourceTree = "<group>"; };
		E3FD2EBD2AFB86BB005060A2 /* Info.plist */ = {isa = PBXFileReference; lastKnownFileType = text.plist.xml; path = Info.plist; sourceTree = "<group>"; };
		E3FD2EC22AFB86BB005060A2 /* SportTrackerTests.xctest */ = {isa = PBXFileReference; explicitFileType = wrapper.cfbundle; includeInIndex = 0; path = SportTrackerTests.xctest; sourceTree = BUILT_PRODUCTS_DIR; };
		E3FD2EC62AFB86BB005060A2 /* SportTrackerTests.swift */ = {isa = PBXFileReference; lastKnownFileType = sourcecode.swift; path = SportTrackerTests.swift; sourceTree = "<group>"; };
		E3FD2ECC2AFB86BB005060A2 /* SportTrackerUITests.xctest */ = {isa = PBXFileReference; explicitFileType = wrapper.cfbundle; includeInIndex = 0; path = SportTrackerUITests.xctest; sourceTree = BUILT_PRODUCTS_DIR; };
		E3FD2ED02AFB86BB005060A2 /* SportTrackerUITests.swift */ = {isa = PBXFileReference; lastKnownFileType = sourcecode.swift; path = SportTrackerUITests.swift; sourceTree = "<group>"; };
		E3FD2ED22AFB86BB005060A2 /* SportTrackerUITestsLaunchTests.swift */ = {isa = PBXFileReference; lastKnownFileType = sourcecode.swift; path = SportTrackerUITestsLaunchTests.swift; sourceTree = "<group>"; };
/* End PBXFileReference section */

/* Begin PBXFrameworksBuildPhase section */
		E3FD2EA92AFB86BA005060A2 /* Frameworks */ = {
			isa = PBXFrameworksBuildPhase;
			buildActionMask = 2147483647;
			files = (
			);
			runOnlyForDeploymentPostprocessing = 0;
		};
		E3FD2EBF2AFB86BB005060A2 /* Frameworks */ = {
			isa = PBXFrameworksBuildPhase;
			buildActionMask = 2147483647;
			files = (
			);
			runOnlyForDeploymentPostprocessing = 0;
		};
		E3FD2EC92AFB86BB005060A2 /* Frameworks */ = {
			isa = PBXFrameworksBuildPhase;
			buildActionMask = 2147483647;
			files = (
			);
			runOnlyForDeploymentPostprocessing = 0;
		};
/* End PBXFrameworksBuildPhase section */

/* Begin PBXGroup section */
		E3FD2EA32AFB86BA005060A2 = {
			isa = PBXGroup;
			children = (
				E3FD2EAE2AFB86BA005060A2 /* SportTracker */,
				E3FD2EC52AFB86BB005060A2 /* SportTrackerTests */,
				E3FD2ECF2AFB86BB005060A2 /* SportTrackerUITests */,
				E3FD2EAD2AFB86BA005060A2 /* Products */,
			);
			sourceTree = "<group>";
		};
		E3FD2EAD2AFB86BA005060A2 /* Products */ = {
			isa = PBXGroup;
			children = (
				E3FD2EAC2AFB86BA005060A2 /* SportTracker.app */,
				E3FD2EC22AFB86BB005060A2 /* SportTrackerTests.xctest */,
				E3FD2ECC2AFB86BB005060A2 /* SportTrackerUITests.xctest */,
			);
			name = Products;
			sourceTree = "<group>";
		};
		E3FD2EAE2AFB86BA005060A2 /* SportTracker */ = {
			isa = PBXGroup;
			children = (
				E3FD2EAF2AFB86BA005060A2 /* AppDelegate.swift */,
				E3FD2EB12AFB86BA005060A2 /* SceneDelegate.swift */,
				E3FD2EB32AFB86BA005060A2 /* ViewController.swift */,
				E3FD2EB52AFB86BA005060A2 /* Main.storyboard */,
				E3FD2EB82AFB86BB005060A2 /* Assets.xcassets */,
				E3FD2EBA2AFB86BB005060A2 /* LaunchScreen.storyboard */,
				E3FD2EBD2AFB86BB005060A2 /* Info.plist */,
			);
			path = SportTracker;
			sourceTree = "<group>";
		};
		E3FD2EC52AFB86BB005060A2 /* SportTrackerTests */ = {
			isa = PBXGroup;
			children = (
				E3FD2EC62AFB86BB005060A2 /* SportTrackerTests.swift */,
			);
			path = SportTrackerTests;
			sourceTree = "<group>";
		};
		E3FD2ECF2AFB86BB005060A2 /* SportTrackerUITests */ = {
			isa = PBXGroup;
			children = (
				E3FD2ED02AFB86BB005060A2 /* SportTrackerUITests.swift */,
				E3FD2ED22AFB86BB005060A2 /* SportTrackerUITestsLaunchTests.swift */,
			);
			path = SportTrackerUITests;
			sourceTree = "<group>";
		};
/* End PBXGroup section */

/* Begin PBXNativeTarget section */
		E3FD2EAB2AFB86BA005060A2 /* SportTracker */ = {
			isa = PBXNativeTarget;
			buildConfigurationList = E3FD2ED62AFB86BB005060A2 /* Build configuration list for PBXNativeTarget "SportTracker" */;
			buildPhases = (
				E3FD2EA82AFB86BA005060A2 /* Sources */,
				E3FD2EA92AFB86BA005060A2 /* Frameworks */,
				E3FD2EAA2AFB86BA005060A2 /* Resources */,
			);
			buildRules = (
			);
			dependencies = (
			);
			name = SportTracker;
			productName = SportTracker;
			productReference = E3FD2EAC2AFB86BA005060A2 /* SportTracker.app */;
			productType = "com.apple.product-type.application";
		};
		E3FD2EC12AFB86BB005060A2 /* SportTrackerTests */ = {
			isa = PBXNativeTarget;
			buildConfigurationList = E3FD2ED92AFB86BB005060A2 /* Build configuration list for PBXNativeTarget "SportTrackerTests" */;
			buildPhases = (
				E3FD2EBE2AFB86BB005060A2 /* Sources */,
				E3FD2EBF2AFB86BB005060A2 /* Frameworks */,
				E3FD2EC02AFB86BB005060A2 /* Resources */,
			);
			buildRules = (
			);
			dependencies = (
				E3FD2EC42AFB86BB005060A2 /* PBXTargetDependency */,
			);
			name = SportTrackerTests;
			productName = SportTrackerTests;
			productReference = E3FD2EC22AFB86BB005060A2 /* SportTrackerTests.xctest */;
			productType = "com.apple.product-type.bundle.unit-test";
		};
		E3FD2ECB2AFB86BB005060A2 /* SportTrackerUITests */ = {
			isa = PBXNativeTarget;
			buildConfigurationList = E3FD2EDC2AFB86BB005060A2 /* Build configuration list for PBXNativeTarget "SportTrackerUITests" */;
			buildPhases = (
				E3FD2EC82AFB86BB005060A2 /* Sources */,
				E3FD2EC92AFB86BB005060A2 /* Frameworks */,
				E3FD2ECA2AFB86BB005060A2 /* Resources */,
			);
			buildRules = (
			);
			dependencies = (
				E3FD2ECE2AFB86BB005060A2 /* PBXTargetDependency */,
			);
			name = SportTrackerUITests;
			productName = SportTrackerUITests;
			productReference = E3FD2ECC2AFB86BB005060A2 /* SportTrackerUITests.xctest */;
			productType = "com.apple.product-type.bundle.ui-testing";
		};
/* End PBXNativeTarget section */

/* Begin PBXProject section */
		E3FD2EA42AFB86BA005060A2 /* Project object */ = {
			isa = PBXProject;
			attributes = {
				BuildIndependentTargetsInParallel = 1;
				LastSwiftUpdateCheck = 1430;
				LastUpgradeCheck = 1430;
				TargetAttributes = {
					E3FD2EAB2AFB86BA005060A2 = {
						CreatedOnToolsVersion = 14.3;
					};
					E3FD2EC12AFB86BB005060A2 = {
						CreatedOnToolsVersion = 14.3;
						TestTargetID = E3FD2EAB2AFB86BA005060A2;
					};
					E3FD2ECB2AFB86BB005060A2 = {
						CreatedOnToolsVersion = 14.3;
						TestTargetID = E3FD2EAB2AFB86BA005060A2;
					};
				};
			};
			buildConfigurationList = E3FD2EA72AFB86BA005060A2 /* Build configuration list for PBXProject "SportTracker" */;
			compatibilityVersion = "Xcode 14.0";
			developmentRegion = en;
			hasScannedForEncodings = 0;
			knownRegions = (
				en,
				Base,
			);
			mainGroup = E3FD2EA32AFB86BA005060A2;
			productRefGroup = E3FD2EAD2AFB86BA005060A2 /* Products */;
			projectDirPath = "";
			projectRoot = "";
			targets = (
				E3FD2EAB2AFB86BA005060A2 /* SportTracker */,
				E3FD2EC12AFB86BB005060A2 /* SportTrackerTests */,
				E3FD2ECB2AFB86BB005060A2 /* SportTrackerUITests */,
			);
		};
/* End PBXProject section */

/* Begin PBXResourcesBuildPhase section */
		E3FD2EAA2AFB86BA005060A2 /* Resources */ = {
			isa = PBXResourcesBuildPhase;
			buildActionMask = 2147483647;
			files = (
				E3FD2EBC2AFB86BB005060A2 /* LaunchScreen.storyboard in Resources */,
				E3FD2EB92AFB86BB005060A2 /* Assets.xcassets in Resources */,
				E3FD2EB72AFB86BA005060A2 /* Main.storyboard in Resources */,
			);
			runOnlyForDeploymentPostprocessing = 0;
		};
		E3FD2EC02AFB86BB005060A2 /* Resources */ = {
			isa = PBXResourcesBuildPhase;
			buildActionMask = 2147483647;
			files = (
			);
			runOnlyForDeploymentPostprocessing = 0;
		};
		E3FD2ECA2AFB86BB005060A2 /* Resources */ = {
			isa = PBXResourcesBuildPhase;
			buildActionMask = 2147483647;
			files = (
			);
			runOnlyForDeploymentPostprocessing = 0;
		};
/* End PBXResourcesBuildPhase section */

/* Begin PBXSourcesBuildPhase section */
		E3FD2EA82AFB86BA005060A2 /* Sources */ = {
			isa = PBXSourcesBuildPhase;
			buildActionMask = 2147483647;
			files = (
				E3FD2EB42AFB86BA005060A2 /* ViewController.swift in Sources */,
				E3FD2EB02AFB86BA005060A2 /* AppDelegate.swift in Sources */,
				E3FD2EB22AFB86BA005060A2 /* SceneDelegate.swift in Sources */,
			);
			runOnlyForDeploymentPostprocessing = 0;
		};
		E3FD2EBE2AFB86BB005060A2 /* Sources */ = {
			isa = PBXSourcesBuildPhase;
			buildActionMask = 2147483647;
			files = (
				E3FD2EC72AFB86BB005060A2 /* SportTrackerTests.swift in Sources */,
			);
			runOnlyForDeploymentPostprocessing = 0;
		};
		E3FD2EC82AFB86BB005060A2 /* Sources */ = {
			isa = PBXSourcesBuildPhase;
			buildActionMask = 2147483647;
			files = (
				E3FD2ED32AFB86BB005060A2 /* SportTrackerUITestsLaunchTests.swift in Sources */,
				E3FD2ED12AFB86BB005060A2 /* SportTrackerUITests.swift in Sources */,
			);
			runOnlyForDeploymentPostprocessing = 0;
		};
/* End PBXSourcesBuildPhase section */

/* Begin PBXTargetDependency section */
		E3FD2EC42AFB86BB005060A2 /* PBXTargetDependency */ = {
			isa = PBXTargetDependency;
			target = E3FD2EAB2AFB86BA005060A2 /* SportTracker */;
			targetProxy = E3FD2EC32AFB86BB005060A2 /* PBXContainerItemProxy */;
		};
		E3FD2ECE2AFB86BB005060A2 /* PBXTargetDependency */ = {
			isa = PBXTargetDependency;
			target = E3FD2EAB2AFB86BA005060A2 /* SportTracker */;
			targetProxy = E3FD2ECD2AFB86BB005060A2 /* PBXContainerItemProxy */;
		};
/* End PBXTargetDependency section */

/* Begin PBXVariantGroup section */
		E3FD2EB52AFB86BA005060A2 /* Main.storyboard */ = {
			isa = PBXVariantGroup;
			children = (
				E3FD2EB62AFB86BA005060A2 /* Base */,
			);
			name = Main.storyboard;
			sourceTree = "<group>";
		};
		E3FD2EBA2AFB86BB005060A2 /* LaunchScreen.storyboard */ = {
			isa = PBXVariantGroup;
			children = (
				E3FD2EBB2AFB86BB005060A2 /* Base */,
			);
			name = LaunchScreen.storyboard;
			sourceTree = "<group>";
		};
/* End PBXVariantGroup section */

/* Begin XCBuildConfiguration section */
		E3FD2ED42AFB86BB005060A2 /* Debug */ = {
			isa = XCBuildConfiguration;
			buildSettings = {
				ALWAYS_SEARCH_USER_PATHS = NO;
				CLANG_ANALYZER_NONNULL = YES;
				CLANG_ANALYZER_NUMBER_OBJECT_CONVERSION = YES_AGGRESSIVE;
				CLANG_CXX_LANGUAGE_STANDARD = "gnu++20";
				CLANG_ENABLE_MODULES = YES;
				CLANG_ENABLE_OBJC_ARC = YES;
				CLANG_ENABLE_OBJC_WEAK = YES;
				CLANG_WARN_BLOCK_CAPTURE_AUTORELEASING = YES;
				CLANG_WARN_BOOL_CONVERSION = YES;
				CLANG_WARN_COMMA = YES;
				CLANG_WARN_CONSTANT_CONVERSION = YES;
				CLANG_WARN_DEPRECATED_OBJC_IMPLEMENTATIONS = YES;
				CLANG_WARN_DIRECT_OBJC_ISA_USAGE = YES_ERROR;
				CLANG_WARN_DOCUMENTATION_COMMENTS = YES;
				CLANG_WARN_EMPTY_BODY = YES;
				CLANG_WARN_ENUM_CONVERSION = YES;
				CLANG_WARN_INFINITE_RECURSION = YES;
				CLANG_WARN_INT_CONVERSION = YES;
				CLANG_WARN_NON_LITERAL_NULL_CONVERSION = YES;
				CLANG_WARN_OBJC_IMPLICIT_RETAIN_SELF = YES;
				CLANG_WARN_OBJC_LITERAL_CONVERSION = YES;
				CLANG_WARN_OBJC_ROOT_CLASS = YES_ERROR;
				CLANG_WARN_QUOTED_INCLUDE_IN_FRAMEWORK_HEADER = YES;
				CLANG_WARN_RANGE_LOOP_ANALYSIS = YES;
				CLANG_WARN_STRICT_PROTOTYPES = YES;
				CLANG_WARN_SUSPICIOUS_MOVE = YES;
				CLANG_WARN_UNGUARDED_AVAILABILITY = YES_AGGRESSIVE;
				CLANG_WARN_UNREACHABLE_CODE = YES;
				CLANG_WARN__DUPLICATE_METHOD_MATCH = YES;
				COPY_PHASE_STRIP = NO;
				DEBUG_INFORMATION_FORMAT = dwarf;
				ENABLE_STRICT_OBJC_MSGSEND = YES;
				ENABLE_TESTABILITY = YES;
				GCC_C_LANGUAGE_STANDARD = gnu11;
				GCC_DYNAMIC_NO_PIC = NO;
				GCC_NO_COMMON_BLOCKS = YES;
				GCC_OPTIMIZATION_LEVEL = 0;
				GCC_PREPROCESSOR_DEFINITIONS = (
					"DEBUG=1",
					"$(inherited)",
				);
				GCC_WARN_64_TO_32_BIT_CONVERSION = YES;
				GCC_WARN_ABOUT_RETURN_TYPE = YES_ERROR;
				GCC_WARN_UNDECLARED_SELECTOR = YES;
				GCC_WARN_UNINITIALIZED_AUTOS = YES_AGGRESSIVE;
				GCC_WARN_UNUSED_FUNCTION = YES;
				GCC_WARN_UNUSED_VARIABLE = YES;
				IPHONEOS_DEPLOYMENT_TARGET = 16.4;
				MTL_ENABLE_DEBUG_INFO = INCLUDE_SOURCE;
				MTL_FAST_MATH = YES;
				ONLY_ACTIVE_ARCH = YES;
				SDKROOT = iphoneos;
				SWIFT_ACTIVE_COMPILATION_CONDITIONS = DEBUG;
				SWIFT_OPTIMIZATION_LEVEL = "-Onone";
			};
			name = Debug;
		};
		E3FD2ED52AFB86BB005060A2 /* Release */ = {
			isa = XCBuildConfiguration;
			buildSettings = {
				ALWAYS_SEARCH_USER_PATHS = NO;
				CLANG_ANALYZER_NONNULL = YES;
				CLANG_ANALYZER_NUMBER_OBJECT_CONVERSION = YES_AGGRESSIVE;
				CLANG_CXX_LANGUAGE_STANDARD = "gnu++20";
				CLANG_ENABLE_MODULES = YES;
				CLANG_ENABLE_OBJC_ARC = YES;
				CLANG_ENABLE_OBJC_WEAK = YES;
				CLANG_WARN_BLOCK_CAPTURE_AUTORELEASING = YES;
				CLANG_WARN_BOOL_CONVERSION = YES;
				CLANG_WARN_COMMA = YES;
				CLANG_WARN_CONSTANT_CONVERSION = YES;
				CLANG_WARN_DEPRECATED_OBJC_IMPLEMENTATIONS = YES;
				CLANG_WARN_DIRECT_OBJC_ISA_USAGE = YES_ERROR;
				CLANG_WARN_DOCUMENTATION_COMMENTS = YES;
				CLANG_WARN_EMPTY_BODY = YES;
				CLANG_WARN_ENUM_CONVERSION = YES;
				CLANG_WARN_INFINITE_RECURSION = YES;
				CLANG_WARN_INT_CONVERSION = YES;
				CLANG_WARN_NON_LITERAL_NULL_CONVERSION = YES;
				CLANG_WARN_OBJC_IMPLICIT_RETAIN_SELF = YES;
				CLANG_WARN_OBJC_LITERAL_CONVERSION = YES;
				CLANG_WARN_OBJC_ROOT_CLASS = YES_ERROR;
				CLANG_WARN_QUOTED_INCLUDE_IN_FRAMEWORK_HEADER = YES;
				CLANG_WARN_RANGE_LOOP_ANALYSIS = YES;
				CLANG_WARN_STRICT_PROTOTYPES = YES;
				CLANG_WARN_SUSPICIOUS_MOVE = YES;
				CLANG_WARN_UNGUARDED_AVAILABILITY = YES_AGGRESSIVE;
				CLANG_WARN_UNREACHABLE_CODE = YES;
				CLANG_WARN__DUPLICATE_METHOD_MATCH = YES;
				COPY_PHASE_STRIP = NO;
				DEBUG_INFORMATION_FORMAT = "dwarf-with-dsym";
				ENABLE_NS_ASSERTIONS = NO;
				ENABLE_STRICT_OBJC_MSGSEND = YES;
				GCC_C_LANGUAGE_STANDARD = gnu11;
				GCC_NO_COMMON_BLOCKS = YES;
				GCC_WARN_64_TO_32_BIT_CONVERSION = YES;
				GCC_WARN_ABOUT_RETURN_TYPE = YES_ERROR;
				GCC_WARN_UNDECLARED_SELECTOR = YES;
				GCC_WARN_UNINITIALIZED_AUTOS = YES_AGGRESSIVE;
				GCC_WARN_UNUSED_FUNCTION = YES;
				GCC_WARN_UNUSED_VARIABLE = YES;
				IPHONEOS_DEPLOYMENT_TARGET = 16.4;
				MTL_ENABLE_DEBUG_INFO = NO;
				MTL_FAST_MATH = YES;
				SDKROOT = iphoneos;
				SWIFT_COMPILATION_MODE = wholemodule;
				SWIFT_OPTIMIZATION_LEVEL = "-O";
				VALIDATE_PRODUCT = YES;
			};
			name = Release;
		};
		E3FD2ED72AFB86BB005060A2 /* Debug */ = {
			isa = XCBuildConfiguration;
			buildSettings = {
				ASSETCATALOG_COMPILER_APPICON_NAME = AppIcon;
				ASSETCATALOG_COMPILER_GLOBAL_ACCENT_COLOR_NAME = AccentColor;
				CODE_SIGN_STYLE = Automatic;
				CURRENT_PROJECT_VERSION = 1;
				GENERATE_INFOPLIST_FILE = YES;
				INFOPLIST_FILE = SportTracker/Info.plist;
				INFOPLIST_KEY_UIApplicationSupportsIndirectInputEvents = YES;
				INFOPLIST_KEY_UILaunchStoryboardName = LaunchScreen;
				INFOPLIST_KEY_UIMainStoryboardFile = Main;
				INFOPLIST_KEY_UISupportedInterfaceOrientations_iPad = "UIInterfaceOrientationPortrait UIInterfaceOrientationPortraitUpsideDown UIInterfaceOrientationLandscapeLeft UIInterfaceOrientationLandscapeRight";
				INFOPLIST_KEY_UISupportedInterfaceOrientations_iPhone = "UIInterfaceOrientationPortrait UIInterfaceOrientationLandscapeLeft UIInterfaceOrientationLandscapeRight";
				LD_RUNPATH_SEARCH_PATHS = (
					"$(inherited)",
					"@executable_path/Frameworks",
				);
				MARKETING_VERSION = 1.0;
				PRODUCT_BUNDLE_IDENTIFIER = vadyadance.SportTracker;
				PRODUCT_NAME = "$(TARGET_NAME)";
				SWIFT_EMIT_LOC_STRINGS = YES;
				SWIFT_VERSION = 5.0;
				TARGETED_DEVICE_FAMILY = "1,2";
			};
			name = Debug;
		};
		E3FD2ED82AFB86BB005060A2 /* Release */ = {
			isa = XCBuildConfiguration;
			buildSettings = {
				ASSETCATALOG_COMPILER_APPICON_NAME = AppIcon;
				ASSETCATALOG_COMPILER_GLOBAL_ACCENT_COLOR_NAME = AccentColor;
				CODE_SIGN_STYLE = Automatic;
				CURRENT_PROJECT_VERSION = 1;
				GENERATE_INFOPLIST_FILE = YES;
				INFOPLIST_FILE = SportTracker/Info.plist;
				INFOPLIST_KEY_UIApplicationSupportsIndirectInputEvents = YES;
				INFOPLIST_KEY_UILaunchStoryboardName = LaunchScreen;
				INFOPLIST_KEY_UIMainStoryboardFile = Main;
				INFOPLIST_KEY_UISupportedInterfaceOrientations_iPad = "UIInterfaceOrientationPortrait UIInterfaceOrientationPortraitUpsideDown UIInterfaceOrientationLandscapeLeft UIInterfaceOrientationLandscapeRight";
				INFOPLIST_KEY_UISupportedInterfaceOrientations_iPhone = "UIInterfaceOrientationPortrait UIInterfaceOrientationLandscapeLeft UIInterfaceOrientationLandscapeRight";
				LD_RUNPATH_SEARCH_PATHS = (
					"$(inherited)",
					"@executable_path/Frameworks",
				);
				MARKETING_VERSION = 1.0;
				PRODUCT_BUNDLE_IDENTIFIER = vadyadance.SportTracker;
				PRODUCT_NAME = "$(TARGET_NAME)";
				SWIFT_EMIT_LOC_STRINGS = YES;
				SWIFT_VERSION = 5.0;
				TARGETED_DEVICE_FAMILY = "1,2";
			};
			name = Release;
		};
		E3FD2EDA2AFB86BB005060A2 /* Debug */ = {
			isa = XCBuildConfiguration;
			buildSettings = {
				ALWAYS_EMBED_SWIFT_STANDARD_LIBRARIES = YES;
				BUNDLE_LOADER = "$(TEST_HOST)";
				CODE_SIGN_STYLE = Automatic;
				CURRENT_PROJECT_VERSION = 1;
				GENERATE_INFOPLIST_FILE = YES;
				IPHONEOS_DEPLOYMENT_TARGET = 16.4;
				MARKETING_VERSION = 1.0;
				PRODUCT_BUNDLE_IDENTIFIER = vadyadance.SportTrackerTests;
				PRODUCT_NAME = "$(TARGET_NAME)";
				SWIFT_EMIT_LOC_STRINGS = NO;
				SWIFT_VERSION = 5.0;
				TARGETED_DEVICE_FAMILY = "1,2";
				TEST_HOST = "$(BUILT_PRODUCTS_DIR)/SportTracker.app/$(BUNDLE_EXECUTABLE_FOLDER_PATH)/SportTracker";
			};
			name = Debug;
		};
		E3FD2EDB2AFB86BB005060A2 /* Release */ = {
			isa = XCBuildConfiguration;
			buildSettings = {
				ALWAYS_EMBED_SWIFT_STANDARD_LIBRARIES = YES;
				BUNDLE_LOADER = "$(TEST_HOST)";
				CODE_SIGN_STYLE = Automatic;
				CURRENT_PROJECT_VERSION = 1;
				GENERATE_INFOPLIST_FILE = YES;
				IPHONEOS_DEPLOYMENT_TARGET = 16.4;
				MARKETING_VERSION = 1.0;
				PRODUCT_BUNDLE_IDENTIFIER = vadyadance.SportTrackerTests;
				PRODUCT_NAME = "$(TARGET_NAME)";
				SWIFT_EMIT_LOC_STRINGS = NO;
				SWIFT_VERSION = 5.0;
				TARGETED_DEVICE_FAMILY = "1,2";
				TEST_HOST = "$(BUILT_PRODUCTS_DIR)/SportTracker.app/$(BUNDLE_EXECUTABLE_FOLDER_PATH)/SportTracker";
			};
			name = Release;
		};
		E3FD2EDD2AFB86BB005060A2 /* Debug */ = {
			isa = XCBuildConfiguration;
			buildSettings = {
				ALWAYS_EMBED_SWIFT_STANDARD_LIBRARIES = YES;
				CODE_SIGN_STYLE = Automatic;
				CURRENT_PROJECT_VERSION = 1;
				GENERATE_INFOPLIST_FILE = YES;
				MARKETING_VERSION = 1.0;
				PRODUCT_BUNDLE_IDENTIFIER = vadyadance.SportTrackerUITests;
				PRODUCT_NAME = "$(TARGET_NAME)";
				SWIFT_EMIT_LOC_STRINGS = NO;
				SWIFT_VERSION = 5.0;
				TARGETED_DEVICE_FAMILY = "1,2";
				TEST_TARGET_NAME = SportTracker;
			};
			name = Debug;
		};
		E3FD2EDE2AFB86BB005060A2 /* Release */ = {
			isa = XCBuildConfiguration;
			buildSettings = {
				ALWAYS_EMBED_SWIFT_STANDARD_LIBRARIES = YES;
				CODE_SIGN_STYLE = Automatic;
				CURRENT_PROJECT_VERSION = 1;
				GENERATE_INFOPLIST_FILE = YES;
				MARKETING_VERSION = 1.0;
				PRODUCT_BUNDLE_IDENTIFIER = vadyadance.SportTrackerUITests;
				PRODUCT_NAME = "$(TARGET_NAME)";
				SWIFT_EMIT_LOC_STRINGS = NO;
				SWIFT_VERSION = 5.0;
				TARGETED_DEVICE_FAMILY = "1,2";
				TEST_TARGET_NAME = SportTracker;
			};
			name = Release;
		};
/* End XCBuildConfiguration section */

/* Begin XCConfigurationList section */
		E3FD2EA72AFB86BA005060A2 /* Build configuration list for PBXProject "SportTracker" */ = {
			isa = XCConfigurationList;
			buildConfigurations = (
				E3FD2ED42AFB86BB005060A2 /* Debug */,
				E3FD2ED52AFB86BB005060A2 /* Release */,
			);
			defaultConfigurationIsVisible = 0;
			defaultConfigurationName = Release;
		};
		E3FD2ED62AFB86BB005060A2 /* Build configuration list for PBXNativeTarget "SportTracker" */ = {
			isa = XCConfigurationList;
			buildConfigurations = (
				E3FD2ED72AFB86BB005060A2 /* Debug */,
				E3FD2ED82AFB86BB005060A2 /* Release */,
			);
			defaultConfigurationIsVisible = 0;
			defaultConfigurationName = Release;
		};
		E3FD2ED92AFB86BB005060A2 /* Build configuration list for PBXNativeTarget "SportTrackerTests" */ = {
			isa = XCConfigurationList;
			buildConfigurations = (
				E3FD2EDA2AFB86BB005060A2 /* Debug */,
				E3FD2EDB2AFB86BB005060A2 /* Release */,
			);
			defaultConfigurationIsVisible = 0;
			defaultConfigurationName = Release;
		};
		E3FD2EDC2AFB86BB005060A2 /* Build configuration list for PBXNativeTarget "SportTrackerUITests" */ = {
			isa = XCConfigurationList;
			buildConfigurations = (
				E3FD2EDD2AFB86BB005060A2 /* Debug */,
				E3FD2EDE2AFB86BB005060A2 /* Release */,
			);
			defaultConfigurationIsVisible = 0;
			defaultConfigurationName = Release;
		};
/* End XCConfigurationList section */
	};
	rootObject = E3FD2EA42AFB86BA005060A2 /* Project object */;
}
